// !$*UTF8*$!
{
	archiveVersion = 1;
	classes = {
	};
	objectVersion = 50;
	objects = {

/* Begin PBXBuildFile section */
		D427F9CC2121289F00F3C712 /* NumeronKeyboardViewController.swift in Sources */ = {isa = PBXBuildFile; fileRef = D427F9CB2121289F00F3C712 /* NumeronKeyboardViewController.swift */; };
		D427F9CE2121318100F3C712 /* testButton.xib in Resources */ = {isa = PBXBuildFile; fileRef = D427F9CD2121318100F3C712 /* testButton.xib */; };
		D440E12D212122E6002EDA55 /* AppDelegate.swift in Sources */ = {isa = PBXBuildFile; fileRef = D440E12C212122E6002EDA55 /* AppDelegate.swift */; };
		D440E12F212122E6002EDA55 /* ViewController.swift in Sources */ = {isa = PBXBuildFile; fileRef = D440E12E212122E6002EDA55 /* ViewController.swift */; };
		D440E132212122E6002EDA55 /* Main.storyboard in Resources */ = {isa = PBXBuildFile; fileRef = D440E130212122E6002EDA55 /* Main.storyboard */; };
		D440E134212122EA002EDA55 /* Assets.xcassets in Resources */ = {isa = PBXBuildFile; fileRef = D440E133212122EA002EDA55 /* Assets.xcassets */; };
		D440E137212122EA002EDA55 /* LaunchScreen.storyboard in Resources */ = {isa = PBXBuildFile; fileRef = D440E135212122EA002EDA55 /* LaunchScreen.storyboard */; };
		D440E13F212124F4002EDA55 /* Numeron.swift in Sources */ = {isa = PBXBuildFile; fileRef = D440E13E212124F4002EDA55 /* Numeron.swift */; };
		D440E14121212581002EDA55 /* NumeronError.swift in Sources */ = {isa = PBXBuildFile; fileRef = D440E14021212580002EDA55 /* NumeronError.swift */; };
/* End PBXBuildFile section */

/* Begin PBXFileReference section */
		D427F9CB2121289F00F3C712 /* NumeronKeyboardViewController.swift */ = {isa = PBXFileReference; lastKnownFileType = sourcecode.swift; path = NumeronKeyboardViewController.swift; sourceTree = "<group>"; };
		D427F9CD2121318100F3C712 /* testButton.xib */ = {isa = PBXFileReference; lastKnownFileType = file.xib; path = testButton.xib; sourceTree = "<group>"; };
		D440E129212122E6002EDA55 /* NumelonGUItest.app */ = {isa = PBXFileReference; explicitFileType = wrapper.application; includeInIndex = 0; path = NumelonGUItest.app; sourceTree = BUILT_PRODUCTS_DIR; };
		D440E12C212122E6002EDA55 /* AppDelegate.swift */ = {isa = PBXFileReference; lastKnownFileType = sourcecode.swift; path = AppDelegate.swift; sourceTree = "<group>"; };
		D440E12E212122E6002EDA55 /* ViewController.swift */ = {isa = PBXFileReference; lastKnownFileType = sourcecode.swift; path = ViewController.swift; sourceTree = "<group>"; };
		D440E131212122E6002EDA55 /* Base */ = {isa = PBXFileReference; lastKnownFileType = file.storyboard; name = Base; path = Base.lproj/Main.storyboard; sourceTree = "<group>"; };
		D440E133212122EA002EDA55 /* Assets.xcassets */ = {isa = PBXFileReference; lastKnownFileType = folder.assetcatalog; path = Assets.xcassets; sourceTree = "<group>"; };
		D440E136212122EA002EDA55 /* Base */ = {isa = PBXFileReference; lastKnownFileType = file.storyboard; name = Base; path = Base.lproj/LaunchScreen.storyboard; sourceTree = "<group>"; };
		D440E138212122EA002EDA55 /* Info.plist */ = {isa = PBXFileReference; lastKnownFileType = text.plist.xml; path = Info.plist; sourceTree = "<group>"; };
		D440E13E212124F4002EDA55 /* Numeron.swift */ = {isa = PBXFileReference; fileEncoding = 4; lastKnownFileType = sourcecode.swift; path = Numeron.swift; sourceTree = "<group>"; };
		D440E14021212580002EDA55 /* NumeronError.swift */ = {isa = PBXFileReference; fileEncoding = 4; lastKnownFileType = sourcecode.swift; path = NumeronError.swift; sourceTree = "<group>"; };
/* End PBXFileReference section */

/* Begin PBXFrameworksBuildPhase section */
		D440E126212122E6002EDA55 /* Frameworks */ = {
			isa = PBXFrameworksBuildPhase;
			buildActionMask = 2147483647;
			files = (
			);
			runOnlyForDeploymentPostprocessing = 0;
		};
/* End PBXFrameworksBuildPhase section */

/* Begin PBXGroup section */
		D440E120212122E6002EDA55 = {
			isa = PBXGroup;
			children = (
				D440E12B212122E6002EDA55 /* NumelonGUItest */,
				D440E12A212122E6002EDA55 /* Products */,
			);
			sourceTree = "<group>";
		};
		D440E12A212122E6002EDA55 /* Products */ = {
			isa = PBXGroup;
			children = (
				D440E129212122E6002EDA55 /* NumelonGUItest.app */,
			);
			name = Products;
			sourceTree = "<group>";
		};
		D440E12B212122E6002EDA55 /* NumelonGUItest */ = {
			isa = PBXGroup;
			children = (
				D440E12C212122E6002EDA55 /* AppDelegate.swift */,
				D440E12E212122E6002EDA55 /* ViewController.swift */,
				D440E13E212124F4002EDA55 /* Numeron.swift */,
				D440E14021212580002EDA55 /* NumeronError.swift */,
				D440E130212122E6002EDA55 /* Main.storyboard */,
				D440E133212122EA002EDA55 /* Assets.xcassets */,
				D440E135212122EA002EDA55 /* LaunchScreen.storyboard */,
				D440E138212122EA002EDA55 /* Info.plist */,
				D427F9CB2121289F00F3C712 /* NumeronKeyboardViewController.swift */,
				D427F9CD2121318100F3C712 /* testButton.xib */,
			);
			path = NumelonGUItest;
			sourceTree = "<group>";
		};
/* End PBXGroup section */

/* Begin PBXNativeTarget section */
		D440E128212122E6002EDA55 /* NumelonGUItest */ = {
			isa = PBXNativeTarget;
			buildConfigurationList = D440E13B212122EA002EDA55 /* Build configuration list for PBXNativeTarget "NumelonGUItest" */;
			buildPhases = (
				D440E125212122E6002EDA55 /* Sources */,
				D440E126212122E6002EDA55 /* Frameworks */,
				D440E127212122E6002EDA55 /* Resources */,
			);
			buildRules = (
			);
			dependencies = (
			);
			name = NumelonGUItest;
			productName = NumelonGUItest;
			productReference = D440E129212122E6002EDA55 /* NumelonGUItest.app */;
			productType = "com.apple.product-type.application";
		};
/* End PBXNativeTarget section */

/* Begin PBXProject section */
		D440E121212122E6002EDA55 /* Project object */ = {
			isa = PBXProject;
			attributes = {
				LastSwiftUpdateCheck = 0940;
				LastUpgradeCheck = 0940;
				ORGANIZATIONNAME = shima;
				TargetAttributes = {
					D440E128212122E6002EDA55 = {
						CreatedOnToolsVersion = 9.4.1;
					};
				};
			};
			buildConfigurationList = D440E124212122E6002EDA55 /* Build configuration list for PBXProject "NumelonGUItest" */;
			compatibilityVersion = "Xcode 9.3";
			developmentRegion = en;
			hasScannedForEncodings = 0;
			knownRegions = (
				en,
				Base,
			);
			mainGroup = D440E120212122E6002EDA55;
			productRefGroup = D440E12A212122E6002EDA55 /* Products */;
			projectDirPath = "";
			projectRoot = "";
			targets = (
				D440E128212122E6002EDA55 /* NumelonGUItest */,
			);
		};
/* End PBXProject section */

/* Begin PBXResourcesBuildPhase section */
		D440E127212122E6002EDA55 /* Resources */ = {
			isa = PBXResourcesBuildPhase;
			buildActionMask = 2147483647;
			files = (
				D440E137212122EA002EDA55 /* LaunchScreen.storyboard in Resources */,
				D440E134212122EA002EDA55 /* Assets.xcassets in Resources */,
				D440E132212122E6002EDA55 /* Main.storyboard in Resources */,
				D427F9CE2121318100F3C712 /* testButton.xib in Resources */,
			);
			runOnlyForDeploymentPostprocessing = 0;
		};
/* End PBXResourcesBuildPhase section */

/* Begin PBXSourcesBuildPhase section */
		D440E125212122E6002EDA55 /* Sources */ = {
			isa = PBXSourcesBuildPhase;
			buildActionMask = 2147483647;
			files = (
				D427F9CC2121289F00F3C712 /* NumeronKeyboardViewController.swift in Sources */,
				D440E13F212124F4002EDA55 /* Numeron.swift in Sources */,
				D440E12F212122E6002EDA55 /* ViewController.swift in Sources */,
				D440E12D212122E6002EDA55 /* AppDelegate.swift in Sources */,
				D440E14121212581002EDA55 /* NumeronError.swift in Sources */,
			);
			runOnlyForDeploymentPostprocessing = 0;
		};
/* End PBXSourcesBuildPhase section */

/* Begin PBXVariantGroup section */
		D440E130212122E6002EDA55 /* Main.storyboard */ = {
			isa = PBXVariantGroup;
			children = (
				D440E131212122E6002EDA55 /* Base */,
			);
			name = Main.storyboard;
			sourceTree = "<group>";
		};
		D440E135212122EA002EDA55 /* LaunchScreen.storyboard */ = {
			isa = PBXVariantGroup;
			children = (
				D440E136212122EA002EDA55 /* Base */,
			);
			name = LaunchScreen.storyboard;
			sourceTree = "<group>";
		};
/* End PBXVariantGroup section */

/* Begin XCBuildConfiguration section */
		D440E139212122EA002EDA55 /* Debug */ = {
			isa = XCBuildConfiguration;
			buildSettings = {
				ALWAYS_SEARCH_USER_PATHS = NO;
				CLANG_ANALYZER_NONNULL = YES;
				CLANG_ANALYZER_NUMBER_OBJECT_CONVERSION = YES_AGGRESSIVE;
				CLANG_CXX_LANGUAGE_STANDARD = "gnu++14";
				CLANG_CXX_LIBRARY = "libc++";
				CLANG_ENABLE_MODULES = YES;
				CLANG_ENABLE_OBJC_ARC = YES;
				CLANG_ENABLE_OBJC_WEAK = YES;
				CLANG_WARN_BLOCK_CAPTURE_AUTORELEASING = YES;
				CLANG_WARN_BOOL_CONVERSION = YES;
				CLANG_WARN_COMMA = YES;
				CLANG_WARN_CONSTANT_CONVERSION = YES;
				CLANG_WARN_DEPRECATED_OBJC_IMPLEMENTATIONS = YES;
				CLANG_WARN_DIRECT_OBJC_ISA_USAGE = YES_ERROR;
				CLANG_WARN_DOCUMENTATION_COMMENTS = YES;
				CLANG_WARN_EMPTY_BODY = YES;
				CLANG_WARN_ENUM_CONVERSION = YES;
				CLANG_WARN_INFINITE_RECURSION = YES;
				CLANG_WARN_INT_CONVERSION = YES;
				CLANG_WARN_NON_LITERAL_NULL_CONVERSION = YES;
				CLANG_WARN_OBJC_IMPLICIT_RETAIN_SELF = YES;
				CLANG_WARN_OBJC_LITERAL_CONVERSION = YES;
				CLANG_WARN_OBJC_ROOT_CLASS = YES_ERROR;
				CLANG_WARN_RANGE_LOOP_ANALYSIS = YES;
				CLANG_WARN_STRICT_PROTOTYPES = YES;
				CLANG_WARN_SUSPICIOUS_MOVE = YES;
				CLANG_WARN_UNGUARDED_AVAILABILITY = YES_AGGRESSIVE;
				CLANG_WARN_UNREACHABLE_CODE = YES;
				CLANG_WARN__DUPLICATE_METHOD_MATCH = YES;
				CODE_SIGN_IDENTITY = "iPhone Developer";
				COPY_PHASE_STRIP = NO;
				DEBUG_INFORMATION_FORMAT = dwarf;
				ENABLE_STRICT_OBJC_MSGSEND = YES;
				ENABLE_TESTABILITY = YES;
				GCC_C_LANGUAGE_STANDARD = gnu11;
				GCC_DYNAMIC_NO_PIC = NO;
				GCC_NO_COMMON_BLOCKS = YES;
				GCC_OPTIMIZATION_LEVEL = 0;
				GCC_PREPROCESSOR_DEFINITIONS = (
					"DEBUG=1",
					"$(inherited)",
				);
				GCC_WARN_64_TO_32_BIT_CONVERSION = YES;
				GCC_WARN_ABOUT_RETURN_TYPE = YES_ERROR;
				GCC_WARN_UNDECLARED_SELECTOR = YES;
				GCC_WARN_UNINITIALIZED_AUTOS = YES_AGGRESSIVE;
				GCC_WARN_UNUSED_FUNCTION = YES;
				GCC_WARN_UNUSED_VARIABLE = YES;
				IPHONEOS_DEPLOYMENT_TARGET = 11.4;
				MTL_ENABLE_DEBUG_INFO = YES;
				ONLY_ACTIVE_ARCH = YES;
				SDKROOT = iphoneos;
				SWIFT_ACTIVE_COMPILATION_CONDITIONS = DEBUG;
				SWIFT_OPTIMIZATION_LEVEL = "-Onone";
			};
			name = Debug;
		};
		D440E13A212122EA002EDA55 /* Release */ = {
			isa = XCBuildConfiguration;
			buildSettings = {
				ALWAYS_SEARCH_USER_PATHS = NO;
				CLANG_ANALYZER_NONNULL = YES;
				CLANG_ANALYZER_NUMBER_OBJECT_CONVERSION = YES_AGGRESSIVE;
				CLANG_CXX_LANGUAGE_STANDARD = "gnu++14";
				CLANG_CXX_LIBRARY = "libc++";
				CLANG_ENABLE_MODULES = YES;
				CLANG_ENABLE_OBJC_ARC = YES;
				CLANG_ENABLE_OBJC_WEAK = YES;
				CLANG_WARN_BLOCK_CAPTURE_AUTORELEASING = YES;
				CLANG_WARN_BOOL_CONVERSION = YES;
				CLANG_WARN_COMMA = YES;
				CLANG_WARN_CONSTANT_CONVERSION = YES;
				CLANG_WARN_DEPRECATED_OBJC_IMPLEMENTATIONS = YES;
				CLANG_WARN_DIRECT_OBJC_ISA_USAGE = YES_ERROR;
				CLANG_WARN_DOCUMENTATION_COMMENTS = YES;
				CLANG_WARN_EMPTY_BODY = YES;
				CLANG_WARN_ENUM_CONVERSION = YES;
				CLANG_WARN_INFINITE_RECURSION = YES;
				CLANG_WARN_INT_CONVERSION = YES;
				CLANG_WARN_NON_LITERAL_NULL_CONVERSION = YES;
				CLANG_WARN_OBJC_IMPLICIT_RETAIN_SELF = YES;
				CLANG_WARN_OBJC_LITERAL_CONVERSION = YES;
				CLANG_WARN_OBJC_ROOT_CLASS = YES_ERROR;
				CLANG_WARN_RANGE_LOOP_ANALYSIS = YES;
				CLANG_WARN_STRICT_PROTOTYPES = YES;
				CLANG_WARN_SUSPICIOUS_MOVE = YES;
				CLANG_WARN_UNGUARDED_AVAILABILITY = YES_AGGRESSIVE;
				CLANG_WARN_UNREACHABLE_CODE = YES;
				CLANG_WARN__DUPLICATE_METHOD_MATCH = YES;
				CODE_SIGN_IDENTITY = "iPhone Developer";
				COPY_PHASE_STRIP = NO;
				DEBUG_INFORMATION_FORMAT = "dwarf-with-dsym";
				ENABLE_NS_ASSERTIONS = NO;
				ENABLE_STRICT_OBJC_MSGSEND = YES;
				GCC_C_LANGUAGE_STANDARD = gnu11;
				GCC_NO_COMMON_BLOCKS = YES;
				GCC_WARN_64_TO_32_BIT_CONVERSION = YES;
				GCC_WARN_ABOUT_RETURN_TYPE = YES_ERROR;
				GCC_WARN_UNDECLARED_SELECTOR = YES;
				GCC_WARN_UNINITIALIZED_AUTOS = YES_AGGRESSIVE;
				GCC_WARN_UNUSED_FUNCTION = YES;
				GCC_WARN_UNUSED_VARIABLE = YES;
				IPHONEOS_DEPLOYMENT_TARGET = 11.4;
				MTL_ENABLE_DEBUG_INFO = NO;
				SDKROOT = iphoneos;
				SWIFT_COMPILATION_MODE = wholemodule;
				SWIFT_OPTIMIZATION_LEVEL = "-O";
				VALIDATE_PRODUCT = YES;
			};
			name = Release;
		};
		D440E13C212122EA002EDA55 /* Debug */ = {
			isa = XCBuildConfiguration;
			buildSettings = {
				ASSETCATALOG_COMPILER_APPICON_NAME = AppIcon;
				CODE_SIGN_STYLE = Automatic;
				DEVELOPMENT_TEAM = NGGUSK77JC;
				INFOPLIST_FILE = NumelonGUItest/Info.plist;
				LD_RUNPATH_SEARCH_PATHS = (
					"$(inherited)",
					"@executable_path/Frameworks",
				);
				PRODUCT_BUNDLE_IDENTIFIER = "jakky0529-gmail.com.NumelonGUItest";
				PRODUCT_NAME = "$(TARGET_NAME)";
				SWIFT_VERSION = 4.0;
				TARGETED_DEVICE_FAMILY = "1,2";
			};
			name = Debug;
		};
		D440E13D212122EA002EDA55 /* Release */ = {
			isa = XCBuildConfiguration;
			buildSettings = {
				ASSETCATALOG_COMPILER_APPICON_NAME = AppIcon;
				CODE_SIGN_STYLE = Automatic;
				DEVELOPMENT_TEAM = NGGUSK77JC;
				INFOPLIST_FILE = NumelonGUItest/Info.plist;
				LD_RUNPATH_SEARCH_PATHS = (
					"$(inherited)",
					"@executable_path/Frameworks",
				);
				PRODUCT_BUNDLE_IDENTIFIER = "jakky0529-gmail.com.NumelonGUItest";
				PRODUCT_NAME = "$(TARGET_NAME)";
				SWIFT_VERSION = 4.0;
				TARGETED_DEVICE_FAMILY = "1,2";
			};
			name = Release;
		};
/* End XCBuildConfiguration section */

/* Begin XCConfigurationList section */
		D440E124212122E6002EDA55 /* Build configuration list for PBXProject "NumelonGUItest" */ = {
			isa = XCConfigurationList;
			buildConfigurations = (
				D440E139212122EA002EDA55 /* Debug */,
				D440E13A212122EA002EDA55 /* Release */,
			);
			defaultConfigurationIsVisible = 0;
			defaultConfigurationName = Release;
		};
		D440E13B212122EA002EDA55 /* Build configuration list for PBXNativeTarget "NumelonGUItest" */ = {
			isa = XCConfigurationList;
			buildConfigurations = (
				D440E13C212122EA002EDA55 /* Debug */,
				D440E13D212122EA002EDA55 /* Release */,
			);
			defaultConfigurationIsVisible = 0;
			defaultConfigurationName = Release;
		};
/* End XCConfigurationList section */
	};
	rootObject = D440E121212122E6002EDA55 /* Project object */;
}
